
Microsoft Visual Studio Solution File, Format Version 12.00
# Visual Studio Version 17
VisualStudioVersion = 17.11.35219.272
MinimumVisualStudioVersion = 10.0.40219.1
Project("{9A19103F-16F7-4668-BE54-9A1E7A4F7556}") = "lab2", "lab2\lab2.csproj", "{1562441D-97D3-47EE-BACD-65DF1D4C1C2A}"
EndProject
Project("{9A19103F-16F7-4668-BE54-9A1E7A4F7556}") = "lab1_2", "lab1_2\lab1_2.csproj", "{BC878954-F753-426D-B173-975FED3FEB34}"
EndProject
Project("{FAE04EC0-301F-11D3-BF4B-00C04F79EFBC}") = "lab1_1", "lab1_1\lab1_1.csproj", "{446DBE6E-5064-4428-A115-D6C5A6081A31}"
EndProject
Global
	GlobalSection(SolutionConfigurationPlatforms) = preSolution
		Debug|Any CPU = Debug|Any CPU
		Release|Any CPU = Release|Any CPU
	EndGlobalSection
	GlobalSection(ProjectConfigurationPlatforms) = postSolution
		{1562441D-97D3-47EE-BACD-65DF1D4C1C2A}.Debug|Any CPU.ActiveCfg = Debug|Any CPU
		{1562441D-97D3-47EE-BACD-65DF1D4C1C2A}.Debug|Any CPU.Build.0 = Debug|Any CPU
		{1562441D-97D3-47EE-BACD-65DF1D4C1C2A}.Release|Any CPU.ActiveCfg = Release|Any CPU
		{1562441D-97D3-47EE-BACD-65DF1D4C1C2A}.Release|Any CPU.Build.0 = Release|Any CPU
		{BC878954-F753-426D-B173-975FED3FEB34}.Debug|Any CPU.ActiveCfg = Debug|Any CPU
		{BC878954-F753-426D-B173-975FED3FEB34}.Debug|Any CPU.Build.0 = Debug|Any CPU
		{BC878954-F753-426D-B173-975FED3FEB34}.Release|Any CPU.ActiveCfg = Release|Any CPU
		{BC878954-F753-426D-B173-975FED3FEB34}.Release|Any CPU.Build.0 = Release|Any CPU
		{446DBE6E-5064-4428-A115-D6C5A6081A31}.Debug|Any CPU.ActiveCfg = Debug|Any CPU
		{446DBE6E-5064-4428-A115-D6C5A6081A31}.Debug|Any CPU.Build.0 = Debug|Any CPU
		{446DBE6E-5064-4428-A115-D6C5A6081A31}.Release|Any CPU.ActiveCfg = Release|Any CPU
		{446DBE6E-5064-4428-A115-D6C5A6081A31}.Release|Any CPU.Build.0 = Release|Any CPU
	EndGlobalSection
	GlobalSection(SolutionProperties) = preSolution
		HideSolutionNode = FALSE
	EndGlobalSection
	GlobalSection(ExtensibilityGlobals) = postSolution
		SolutionGuid = {4C59E02D-B7A6-4EC5-AB00-6B6EE64817F7}
	EndGlobalSection
EndGlobal
